# THIS IS AN AUTOGENERATED FILE. DO NOT EDIT THIS FILE DIRECTLY.
# yarn lockfile v1


"keen-slider@^6.6.11":
  "integrity" "sha512-gjUP9UWq/WFBGK0/vrHLQ1E553nBsl5gcP6o0NlgZYOdXRYFPEmtacIv11StPQbsaJxKfAQNquyyovitRg/IoA=="
  "resolved" "https://registry.npmjs.org/keen-slider/-/keen-slider-6.6.11.tgz"
  "version" "6.6.11"
